
Microsoft Visual Studio Solution File, Format Version 12.00
# Visual Studio Version 17
VisualStudioVersion = 17.14.36429.23 d17.14
MinimumVisualStudioVersion = 10.0.40219.1
Project("{8BC9CEB8-8B4A-11D0-8D11-00A0C91BC942}") = "Game Project", "Game Project\Game Project.vcxproj", "{3A9C8A4B-A773-4995-B545-BEA6FD702730}"
EndProject
Global
	GlobalSection(SolutionConfigurationPlatforms) = preSolution
		Debug|x64 = Debug|x64
		Debug|x86 = Debug|x86
		Release|x64 = Release|x64
		Release|x86 = Release|x86
	EndGlobalSection
	GlobalSection(ProjectConfigurationPlatforms) = postSolution
		{3A9C8A4B-A773-4995-B545-BEA6FD702730}.Debug|x64.ActiveCfg = Debug|x64
		{3A9C8A4B-A773-4995-B545-BEA6FD702730}.Debug|x64.Build.0 = Debug|x64
		{3A9C8A4B-A773-4995-B545-BEA6FD702730}.Debug|x86.ActiveCfg = Debug|Win32
		{3A9C8A4B-A773-4995-B545-BEA6FD702730}.Debug|x86.Build.0 = Debug|Win32
		{3A9C8A4B-A773-4995-B545-BEA6FD702730}.Release|x64.ActiveCfg = Release|x64
		{3A9C8A4B-A773-4995-B545-BEA6FD702730}.Release|x64.Build.0 = Release|x64
		{3A9C8A4B-A773-4995-B545-BEA6FD702730}.Release|x86.ActiveCfg = Release|Win32
		{3A9C8A4B-A773-4995-B545-BEA6FD702730}.Release|x86.Build.0 = Release|Win32
	EndGlobalSection
	GlobalSection(SolutionProperties) = preSolution
		HideSolutionNode = FALSE
	EndGlobalSection
	GlobalSection(ExtensibilityGlobals) = postSolution
		SolutionGuid = {8C8F2DC0-E636-42B4-81BB-14B48FA29F94}
	EndGlobalSection
EndGlobal
